
Microsoft Visual Studio Solution File, Format Version 12.00
# Visual Studio Version 16
VisualStudioVersion = 16.0.30406.217
MinimumVisualStudioVersion = 10.0.40219.1
Project("{FAE04EC0-301F-11D3-BF4B-00C04F79EFBC}") = "BookListRazor", "BookListRazor\BookListRazor.csproj", "{443DBEC0-5D5D-4D3A-9CF4-7EA4024788CD}"
EndProject
Global
	GlobalSection(SolutionConfigurationPlatforms) = preSolution
		Debug|Any CPU = Debug|Any CPU
		Release|Any CPU = Release|Any CPU
	EndGlobalSection
	GlobalSection(ProjectConfigurationPlatforms) = postSolution
		{443DBEC0-5D5D-4D3A-9CF4-7EA4024788CD}.Debug|Any CPU.ActiveCfg = Debug|Any CPU
		{443DBEC0-5D5D-4D3A-9CF4-7EA4024788CD}.Debug|Any CPU.Build.0 = Debug|Any CPU
		{443DBEC0-5D5D-4D3A-9CF4-7EA4024788CD}.Release|Any CPU.ActiveCfg = Release|Any CPU
		{443DBEC0-5D5D-4D3A-9CF4-7EA4024788CD}.Release|Any CPU.Build.0 = Release|Any CPU
	EndGlobalSection
	GlobalSection(SolutionProperties) = preSolution
		HideSolutionNode = FALSE
	EndGlobalSection
	GlobalSection(ExtensibilityGlobals) = postSolution
		SolutionGuid = {A3698BF2-D3E8-43A5-BB79-0C54988DE9FB}
	EndGlobalSection
EndGlobal
